<?xml version="1.0" encoding="utf-8"?>
<Project ToolsVersion="4.0" xmlns="http://schemas.microsoft.com/developer/msbuild/2003">
  <ItemGroup>
    <Filter Include="Quelldateien">
      <UniqueIdentifier>{4FC737F1-C7A5-4376-A066-2A32D752A2FF}</UniqueIdentifier>
      <Extensions>cpp;c;cc;cxx;def;odl;idl;hpj;bat;asm;asmx</Extensions>
    </Filter>
    <Filter Include="Headerdateien">
      <UniqueIdentifier>{93995380-89BD-4b04-88EB-625FBE52EBFB}</UniqueIdentifier>
      <Extensions>h;hpp;hxx;hm;inl;inc;xsd</Extensions>
    </Filter>
    <Filter Include="Ressourcendateien">
      <UniqueIdentifier>{67DA6AB6-F800-4c08-8B7A-83BB121AAD01}</UniqueIdentifier>
      <Extensions>rc;ico;cur;bmp;dlg;rc2;rct;bin;rgs;gif;jpg;jpeg;jpe;resx;tiff;tif;png;wav;mfcribbon-ms</Extensions>
    </Filter>
    <Filter Include="Headerdateien\Selection">
      <UniqueIdentifier>{6538c259-3a98-49f0-962f-48ec7740768e}</UniqueIdentifier>
    </Filter>
    <Filter Include="Quelldateien\Selection">
      <UniqueIdentifier>{63d02ff0-6017-4229-807c-cf05aae638ae}</UniqueIdentifier>
    </Filter>
  </ItemGroup>
  <ItemGroup>
    <ClCompile Include="main.cpp">
      <Filter>Quelldateien</Filter>
    </ClCompile>
    <ClCompile Include="element.cpp">
      <Filter>Quelldateien</Filter>
    </ClCompile>
    <ClCompile Include="algorithm.cpp">
      <Filter>Quelldateien</Filter>
    </ClCompile>
    <ClCompile Include="conformation.cpp">
      <Filter>Quelldateien</Filter>
    </ClCompile>
    <ClCompile Include="population.cpp">
      <Filter>Quelldateien</Filter>
    </ClCompile>
    <ClCompile Include="utility.cpp">
      <Filter>Quelldateien</Filter>
    </ClCompile>
    <ClCompile Include="selection.cpp">
      <Filter>Quelldateien</Filter>
    </ClCompile>
    <ClCompile Include="fitnessProportionalSelection.cpp">
      <Filter>Quelldateien\Selection</Filter>
    </ClCompile>
    <ClCompile Include="bestWinsTournament.cpp">
      <Filter>Quelldateien\Selection</Filter>
    </ClCompile>
    <ClCompile Include="tournamentSelection.cpp">
      <Filter>Quelldateien\Selection</Filter>
    </ClCompile>
    <ClCompile Include="probabilityTournament.cpp">
      <Filter>Quelldateien\Selection</Filter>
    </ClCompile>
  </ItemGroup>
  <ItemGroup>
    <ClInclude Include="element.h">
      <Filter>Headerdateien</Filter>
    </ClInclude>
    <ClInclude Include="algorithm.h">
      <Filter>Headerdateien</Filter>
    </ClInclude>
    <ClInclude Include="population.h">
      <Filter>Headerdateien</Filter>
    </ClInclude>
    <ClInclude Include="conformation.h">
      <Filter>Headerdateien</Filter>
    </ClInclude>
    <ClInclude Include="utility.h">
      <Filter>Headerdateien</Filter>
    </ClInclude>
    <ClInclude Include="selection.h">
      <Filter>Headerdateien</Filter>
    </ClInclude>
    <ClInclude Include="tournamentSelection.h">
      <Filter>Headerdateien\Selection</Filter>
    </ClInclude>
    <ClInclude Include="probabilityTournament.h">
      <Filter>Headerdateien\Selection</Filter>
    </ClInclude>
    <ClInclude Include="fitnessProportionalSelection.h">
      <Filter>Headerdateien\Selection</Filter>
    </ClInclude>
    <ClInclude Include="bestWinsTournament.h">
      <Filter>Headerdateien\Selection</Filter>
    </ClInclude>
  </ItemGroup>
</Project>